
Microsoft Visual Studio Solution File, Format Version 12.00
# Visual Studio Version 17
VisualStudioVersion = 17.13.35825.156
MinimumVisualStudioVersion = 10.0.40219.1
Project("{FAE04EC0-301F-11D3-BF4B-00C04F79EFBC}") = "GUI", "GUI\GUI.csproj", "{4EA243B8-C8DE-490C-AF82-1BACE4D2B490}"
EndProject
Project("{FAE04EC0-301F-11D3-BF4B-00C04F79EFBC}") = "ENTITY", "ENTITY\ENTITY.csproj", "{AA81923E-AE12-4A2A-A886-FD37A96B25D6}"
EndProject
Project("{FAE04EC0-301F-11D3-BF4B-00C04F79EFBC}") = "DAL", "DAL\DAL.csproj", "{9454B576-00A3-41A7-92A5-240A9F16F207}"
EndProject
Project("{FAE04EC0-301F-11D3-BF4B-00C04F79EFBC}") = "BLL", "BLL\BLL.csproj", "{346500C6-B7E5-42F5-B6D3-4CFE9F2792E2}"
EndProject
Global
	GlobalSection(SolutionConfigurationPlatforms) = preSolution
		Debug|Any CPU = Debug|Any CPU
		Release|Any CPU = Release|Any CPU
	EndGlobalSection
	GlobalSection(ProjectConfigurationPlatforms) = postSolution
		{4EA243B8-C8DE-490C-AF82-1BACE4D2B490}.Debug|Any CPU.ActiveCfg = Debug|Any CPU
		{4EA243B8-C8DE-490C-AF82-1BACE4D2B490}.Debug|Any CPU.Build.0 = Debug|Any CPU
		{4EA243B8-C8DE-490C-AF82-1BACE4D2B490}.Release|Any CPU.ActiveCfg = Release|Any CPU
		{4EA243B8-C8DE-490C-AF82-1BACE4D2B490}.Release|Any CPU.Build.0 = Release|Any CPU
		{AA81923E-AE12-4A2A-A886-FD37A96B25D6}.Debug|Any CPU.ActiveCfg = Debug|Any CPU
		{AA81923E-AE12-4A2A-A886-FD37A96B25D6}.Debug|Any CPU.Build.0 = Debug|Any CPU
		{AA81923E-AE12-4A2A-A886-FD37A96B25D6}.Release|Any CPU.ActiveCfg = Release|Any CPU
		{AA81923E-AE12-4A2A-A886-FD37A96B25D6}.Release|Any CPU.Build.0 = Release|Any CPU
		{9454B576-00A3-41A7-92A5-240A9F16F207}.Debug|Any CPU.ActiveCfg = Debug|Any CPU
		{9454B576-00A3-41A7-92A5-240A9F16F207}.Debug|Any CPU.Build.0 = Debug|Any CPU
		{9454B576-00A3-41A7-92A5-240A9F16F207}.Release|Any CPU.ActiveCfg = Release|Any CPU
		{9454B576-00A3-41A7-92A5-240A9F16F207}.Release|Any CPU.Build.0 = Release|Any CPU
		{346500C6-B7E5-42F5-B6D3-4CFE9F2792E2}.Debug|Any CPU.ActiveCfg = Debug|Any CPU
		{346500C6-B7E5-42F5-B6D3-4CFE9F2792E2}.Debug|Any CPU.Build.0 = Debug|Any CPU
		{346500C6-B7E5-42F5-B6D3-4CFE9F2792E2}.Release|Any CPU.ActiveCfg = Release|Any CPU
		{346500C6-B7E5-42F5-B6D3-4CFE9F2792E2}.Release|Any CPU.Build.0 = Release|Any CPU
	EndGlobalSection
	GlobalSection(SolutionProperties) = preSolution
		HideSolutionNode = FALSE
	EndGlobalSection
	GlobalSection(ExtensibilityGlobals) = postSolution
		SolutionGuid = {0BD4C8A8-E634-45FA-A02A-2524520155A2}
	EndGlobalSection
EndGlobal
